// !$*UTF8*$!
{
	archiveVersion = 1;
	classes = {
	};
	objectVersion = 50;
	objects = {

/* Begin PBXBuildFile section */
		DFBD213C23F92A2B0000D78A /* AppDelegate.swift in Sources */ = {isa = PBXBuildFile; fileRef = DFBD213B23F92A2B0000D78A /* AppDelegate.swift */; };
		DFBD213E23F92A2B0000D78A /* SceneDelegate.swift in Sources */ = {isa = PBXBuildFile; fileRef = DFBD213D23F92A2B0000D78A /* SceneDelegate.swift */; };
		DFBD214023F92A2B0000D78A /* ViewController.swift in Sources */ = {isa = PBXBuildFile; fileRef = DFBD213F23F92A2B0000D78A /* ViewController.swift */; };
		DFBD214323F92A2B0000D78A /* Main.storyboard in Resources */ = {isa = PBXBuildFile; fileRef = DFBD214123F92A2B0000D78A /* Main.storyboard */; };
		DFBD214523F92A2E0000D78A /* Assets.xcassets in Resources */ = {isa = PBXBuildFile; fileRef = DFBD214423F92A2E0000D78A /* Assets.xcassets */; };
		DFBD214823F92A2E0000D78A /* LaunchScreen.storyboard in Resources */ = {isa = PBXBuildFile; fileRef = DFBD214623F92A2E0000D78A /* LaunchScreen.storyboard */; };
		DFBD215323F92A2E0000D78A /* BolierplateUITests.swift in Sources */ = {isa = PBXBuildFile; fileRef = DFBD215223F92A2E0000D78A /* BolierplateUITests.swift */; };
/* End PBXBuildFile section */

/* Begin PBXContainerItemProxy section */
		DFBD214F23F92A2E0000D78A /* PBXContainerItemProxy */ = {
			isa = PBXContainerItemProxy;
			containerPortal = DFBD213023F92A2B0000D78A /* Project object */;
			proxyType = 1;
			remoteGlobalIDString = DFBD213723F92A2B0000D78A;
			remoteInfo = Bolierplate;
		};
/* End PBXContainerItemProxy section */

/* Begin PBXFileReference section */
		DFBD213823F92A2B0000D78A /* Bolierplate.app */ = {isa = PBXFileReference; explicitFileType = wrapper.application; includeInIndex = 0; path = Bolierplate.app; sourceTree = BUILT_PRODUCTS_DIR; };
		DFBD213B23F92A2B0000D78A /* AppDelegate.swift */ = {isa = PBXFileReference; lastKnownFileType = sourcecode.swift; path = AppDelegate.swift; sourceTree = "<group>"; };
		DFBD213D23F92A2B0000D78A /* SceneDelegate.swift */ = {isa = PBXFileReference; lastKnownFileType = sourcecode.swift; path = SceneDelegate.swift; sourceTree = "<group>"; };
		DFBD213F23F92A2B0000D78A /* ViewController.swift */ = {isa = PBXFileReference; lastKnownFileType = sourcecode.swift; path = ViewController.swift; sourceTree = "<group>"; };
		DFBD214223F92A2B0000D78A /* Base */ = {isa = PBXFileReference; lastKnownFileType = file.storyboard; name = Base; path = Base.lproj/Main.storyboard; sourceTree = "<group>"; };
		DFBD214423F92A2E0000D78A /* Assets.xcassets */ = {isa = PBXFileReference; lastKnownFileType = folder.assetcatalog; path = Assets.xcassets; sourceTree = "<group>"; };
		DFBD214723F92A2E0000D78A /* Base */ = {isa = PBXFileReference; lastKnownFileType = file.storyboard; name = Base; path = Base.lproj/LaunchScreen.storyboard; sourceTree = "<group>"; };
		DFBD214923F92A2E0000D78A /* Info.plist */ = {isa = PBXFileReference; lastKnownFileType = text.plist.xml; path = Info.plist; sourceTree = "<group>"; };
		DFBD214E23F92A2E0000D78A /* BolierplateUITests.xctest */ = {isa = PBXFileReference; explicitFileType = wrapper.cfbundle; includeInIndex = 0; path = BolierplateUITests.xctest; sourceTree = BUILT_PRODUCTS_DIR; };
		DFBD215223F92A2E0000D78A /* BolierplateUITests.swift */ = {isa = PBXFileReference; lastKnownFileType = sourcecode.swift; path = BolierplateUITests.swift; sourceTree = "<group>"; };
		DFBD215423F92A2E0000D78A /* Info.plist */ = {isa = PBXFileReference; lastKnownFileType = text.plist.xml; path = Info.plist; sourceTree = "<group>"; };
/* End PBXFileReference section */

/* Begin PBXFrameworksBuildPhase section */
		DFBD213523F92A2B0000D78A /* Frameworks */ = {
			isa = PBXFrameworksBuildPhase;
			buildActionMask = 2147483647;
			files = (
			);
			runOnlyForDeploymentPostprocessing = 0;
		};
		DFBD214B23F92A2E0000D78A /* Frameworks */ = {
			isa = PBXFrameworksBuildPhase;
			buildActionMask = 2147483647;
			files = (
			);
			runOnlyForDeploymentPostprocessing = 0;
		};
/* End PBXFrameworksBuildPhase section */

/* Begin PBXGroup section */
		DFBD212F23F92A2B0000D78A = {
			isa = PBXGroup;
			children = (
				DFBD213A23F92A2B0000D78A /* Bolierplate */,
				DFBD215123F92A2E0000D78A /* BolierplateUITests */,
				DFBD213923F92A2B0000D78A /* Products */,
			);
			sourceTree = "<group>";
		};
		DFBD213923F92A2B0000D78A /* Products */ = {
			isa = PBXGroup;
			children = (
				DFBD213823F92A2B0000D78A /* Bolierplate.app */,
				DFBD214E23F92A2E0000D78A /* BolierplateUITests.xctest */,
			);
			name = Products;
			sourceTree = "<group>";
		};
		DFBD213A23F92A2B0000D78A /* Bolierplate */ = {
			isa = PBXGroup;
			children = (
				DFBD213B23F92A2B0000D78A /* AppDelegate.swift */,
				DFBD213D23F92A2B0000D78A /* SceneDelegate.swift */,
				DFBD213F23F92A2B0000D78A /* ViewController.swift */,
				DFBD214123F92A2B0000D78A /* Main.storyboard */,
				DFBD214423F92A2E0000D78A /* Assets.xcassets */,
				DFBD214623F92A2E0000D78A /* LaunchScreen.storyboard */,
				DFBD214923F92A2E0000D78A /* Info.plist */,
			);
			path = Bolierplate;
			sourceTree = "<group>";
		};
		DFBD215123F92A2E0000D78A /* BolierplateUITests */ = {
			isa = PBXGroup;
			children = (
				DFBD215223F92A2E0000D78A /* BolierplateUITests.swift */,
				DFBD215423F92A2E0000D78A /* Info.plist */,
			);
			path = BolierplateUITests;
			sourceTree = "<group>";
		};
/* End PBXGroup section */

/* Begin PBXNativeTarget section */
		DFBD213723F92A2B0000D78A /* Bolierplate */ = {
			isa = PBXNativeTarget;
			buildConfigurationList = DFBD215723F92A2E0000D78A /* Build configuration list for PBXNativeTarget "Bolierplate" */;
			buildPhases = (
				DFBD213423F92A2B0000D78A /* Sources */,
				DFBD213523F92A2B0000D78A /* Frameworks */,
				DFBD213623F92A2B0000D78A /* Resources */,
			);
			buildRules = (
			);
			dependencies = (
			);
			name = Bolierplate;
			productName = Bolierplate;
			productReference = DFBD213823F92A2B0000D78A /* Bolierplate.app */;
			productType = "com.apple.product-type.application";
		};
		DFBD214D23F92A2E0000D78A /* BolierplateUITests */ = {
			isa = PBXNativeTarget;
			buildConfigurationList = DFBD215A23F92A2E0000D78A /* Build configuration list for PBXNativeTarget "BolierplateUITests" */;
			buildPhases = (
				DFBD214A23F92A2E0000D78A /* Sources */,
				DFBD214B23F92A2E0000D78A /* Frameworks */,
				DFBD214C23F92A2E0000D78A /* Resources */,
			);
			buildRules = (
			);
			dependencies = (
				DFBD215023F92A2E0000D78A /* PBXTargetDependency */,
			);
			name = BolierplateUITests;
			productName = BolierplateUITests;
			productReference = DFBD214E23F92A2E0000D78A /* BolierplateUITests.xctest */;
			productType = "com.apple.product-type.bundle.ui-testing";
		};
/* End PBXNativeTarget section */

/* Begin PBXProject section */
		DFBD213023F92A2B0000D78A /* Project object */ = {
			isa = PBXProject;
			attributes = {
				LastSwiftUpdateCheck = 1130;
				LastUpgradeCheck = 1130;
				ORGANIZATIONNAME = "김지광";
				TargetAttributes = {
					DFBD213723F92A2B0000D78A = {
						CreatedOnToolsVersion = 11.3.1;
					};
					DFBD214D23F92A2E0000D78A = {
						CreatedOnToolsVersion = 11.3.1;
						TestTargetID = DFBD213723F92A2B0000D78A;
					};
				};
			};
			buildConfigurationList = DFBD213323F92A2B0000D78A /* Build configuration list for PBXProject "Bolierplate" */;
			compatibilityVersion = "Xcode 9.3";
			developmentRegion = en;
			hasScannedForEncodings = 0;
			knownRegions = (
				en,
				Base,
			);
			mainGroup = DFBD212F23F92A2B0000D78A;
			productRefGroup = DFBD213923F92A2B0000D78A /* Products */;
			projectDirPath = "";
			projectRoot = "";
			targets = (
				DFBD213723F92A2B0000D78A /* Bolierplate */,
				DFBD214D23F92A2E0000D78A /* BolierplateUITests */,
			);
		};
/* End PBXProject section */

/* Begin PBXResourcesBuildPhase section */
		DFBD213623F92A2B0000D78A /* Resources */ = {
			isa = PBXResourcesBuildPhase;
			buildActionMask = 2147483647;
			files = (
				DFBD214823F92A2E0000D78A /* LaunchScreen.storyboard in Resources */,
				DFBD214523F92A2E0000D78A /* Assets.xcassets in Resources */,
				DFBD214323F92A2B0000D78A /* Main.storyboard in Resources */,
			);
			runOnlyForDeploymentPostprocessing = 0;
		};
		DFBD214C23F92A2E0000D78A /* Resources */ = {
			isa = PBXResourcesBuildPhase;
			buildActionMask = 2147483647;
			files = (
			);
			runOnlyForDeploymentPostprocessing = 0;
		};
/* End PBXResourcesBuildPhase section */

/* Begin PBXSourcesBuildPhase section */
		DFBD213423F92A2B0000D78A /* Sources */ = {
			isa = PBXSourcesBuildPhase;
			buildActionMask = 2147483647;
			files = (
				DFBD214023F92A2B0000D78A /* ViewController.swift in Sources */,
				DFBD213C23F92A2B0000D78A /* AppDelegate.swift in Sources */,
				DFBD213E23F92A2B0000D78A /* SceneDelegate.swift in Sources */,
			);
			runOnlyForDeploymentPostprocessing = 0;
		};
		DFBD214A23F92A2E0000D78A /* Sources */ = {
			isa = PBXSourcesBuildPhase;
			buildActionMask = 2147483647;
			files = (
				DFBD215323F92A2E0000D78A /* BolierplateUITests.swift in Sources */,
			);
			runOnlyForDeploymentPostprocessing = 0;
		};
/* End PBXSourcesBuildPhase section */

/* Begin PBXTargetDependency section */
		DFBD215023F92A2E0000D78A /* PBXTargetDependency */ = {
			isa = PBXTargetDependency;
			target = DFBD213723F92A2B0000D78A /* Bolierplate */;
			targetProxy = DFBD214F23F92A2E0000D78A /* PBXContainerItemProxy */;
		};
/* End PBXTargetDependency section */

/* Begin PBXVariantGroup section */
		DFBD214123F92A2B0000D78A /* Main.storyboard */ = {
			isa = PBXVariantGroup;
			children = (
				DFBD214223F92A2B0000D78A /* Base */,
			);
			name = Main.storyboard;
			sourceTree = "<group>";
		};
		DFBD214623F92A2E0000D78A /* LaunchScreen.storyboard */ = {
			isa = PBXVariantGroup;
			children = (
				DFBD214723F92A2E0000D78A /* Base */,
			);
			name = LaunchScreen.storyboard;
			sourceTree = "<group>";
		};
/* End PBXVariantGroup section */

/* Begin XCBuildConfiguration section */
		DFBD215523F92A2E0000D78A /* Debug */ = {
			isa = XCBuildConfiguration;
			buildSettings = {
				ALWAYS_SEARCH_USER_PATHS = NO;
				CLANG_ANALYZER_NONNULL = YES;
				CLANG_ANALYZER_NUMBER_OBJECT_CONVERSION = YES_AGGRESSIVE;
				CLANG_CXX_LANGUAGE_STANDARD = "gnu++14";
				CLANG_CXX_LIBRARY = "libc++";
				CLANG_ENABLE_MODULES = YES;
				CLANG_ENABLE_OBJC_ARC = YES;
				CLANG_ENABLE_OBJC_WEAK = YES;
				CLANG_WARN_BLOCK_CAPTURE_AUTORELEASING = YES;
				CLANG_WARN_BOOL_CONVERSION = YES;
				CLANG_WARN_COMMA = YES;
				CLANG_WARN_CONSTANT_CONVERSION = YES;
				CLANG_WARN_DEPRECATED_OBJC_IMPLEMENTATIONS = YES;
				CLANG_WARN_DIRECT_OBJC_ISA_USAGE = YES_ERROR;
				CLANG_WARN_DOCUMENTATION_COMMENTS = YES;
				CLANG_WARN_EMPTY_BODY = YES;
				CLANG_WARN_ENUM_CONVERSION = YES;
				CLANG_WARN_INFINITE_RECURSION = YES;
				CLANG_WARN_INT_CONVERSION = YES;
				CLANG_WARN_NON_LITERAL_NULL_CONVERSION = YES;
				CLANG_WARN_OBJC_IMPLICIT_RETAIN_SELF = YES;
				CLANG_WARN_OBJC_LITERAL_CONVERSION = YES;
				CLANG_WARN_OBJC_ROOT_CLASS = YES_ERROR;
				CLANG_WARN_RANGE_LOOP_ANALYSIS = YES;
				CLANG_WARN_STRICT_PROTOTYPES = YES;
				CLANG_WARN_SUSPICIOUS_MOVE = YES;
				CLANG_WARN_UNGUARDED_AVAILABILITY = YES_AGGRESSIVE;
				CLANG_WARN_UNREACHABLE_CODE = YES;
				CLANG_WARN__DUPLICATE_METHOD_MATCH = YES;
				COPY_PHASE_STRIP = NO;
				DEBUG_INFORMATION_FORMAT = dwarf;
				ENABLE_STRICT_OBJC_MSGSEND = YES;
				ENABLE_TESTABILITY = YES;
				GCC_C_LANGUAGE_STANDARD = gnu11;
				GCC_DYNAMIC_NO_PIC = NO;
				GCC_NO_COMMON_BLOCKS = YES;
				GCC_OPTIMIZATION_LEVEL = 0;
				GCC_PREPROCESSOR_DEFINITIONS = (
					"DEBUG=1",
					"$(inherited)",
				);
				GCC_WARN_64_TO_32_BIT_CONVERSION = YES;
				GCC_WARN_ABOUT_RETURN_TYPE = YES_ERROR;
				GCC_WARN_UNDECLARED_SELECTOR = YES;
				GCC_WARN_UNINITIALIZED_AUTOS = YES_AGGRESSIVE;
				GCC_WARN_UNUSED_FUNCTION = YES;
				GCC_WARN_UNUSED_VARIABLE = YES;
				IPHONEOS_DEPLOYMENT_TARGET = 13.2;
				MTL_ENABLE_DEBUG_INFO = INCLUDE_SOURCE;
				MTL_FAST_MATH = YES;
				ONLY_ACTIVE_ARCH = YES;
				SDKROOT = iphoneos;
				SWIFT_ACTIVE_COMPILATION_CONDITIONS = DEBUG;
				SWIFT_OPTIMIZATION_LEVEL = "-Onone";
			};
			name = Debug;
		};
		DFBD215623F92A2E0000D78A /* Release */ = {
			isa = XCBuildConfiguration;
			buildSettings = {
				ALWAYS_SEARCH_USER_PATHS = NO;
				CLANG_ANALYZER_NONNULL = YES;
				CLANG_ANALYZER_NUMBER_OBJECT_CONVERSION = YES_AGGRESSIVE;
				CLANG_CXX_LANGUAGE_STANDARD = "gnu++14";
				CLANG_CXX_LIBRARY = "libc++";
				CLANG_ENABLE_MODULES = YES;
				CLANG_ENABLE_OBJC_ARC = YES;
				CLANG_ENABLE_OBJC_WEAK = YES;
				CLANG_WARN_BLOCK_CAPTURE_AUTORELEASING = YES;
				CLANG_WARN_BOOL_CONVERSION = YES;
				CLANG_WARN_COMMA = YES;
				CLANG_WARN_CONSTANT_CONVERSION = YES;
				CLANG_WARN_DEPRECATED_OBJC_IMPLEMENTATIONS = YES;
				CLANG_WARN_DIRECT_OBJC_ISA_USAGE = YES_ERROR;
				CLANG_WARN_DOCUMENTATION_COMMENTS = YES;
				CLANG_WARN_EMPTY_BODY = YES;
				CLANG_WARN_ENUM_CONVERSION = YES;
				CLANG_WARN_INFINITE_RECURSION = YES;
				CLANG_WARN_INT_CONVERSION = YES;
				CLANG_WARN_NON_LITERAL_NULL_CONVERSION = YES;
				CLANG_WARN_OBJC_IMPLICIT_RETAIN_SELF = YES;
				CLANG_WARN_OBJC_LITERAL_CONVERSION = YES;
				CLANG_WARN_OBJC_ROOT_CLASS = YES_ERROR;
				CLANG_WARN_RANGE_LOOP_ANALYSIS = YES;
				CLANG_WARN_STRICT_PROTOTYPES = YES;
				CLANG_WARN_SUSPICIOUS_MOVE = YES;
				CLANG_WARN_UNGUARDED_AVAILABILITY = YES_AGGRESSIVE;
				CLANG_WARN_UNREACHABLE_CODE = YES;
				CLANG_WARN__DUPLICATE_METHOD_MATCH = YES;
				COPY_PHASE_STRIP = NO;
				DEBUG_INFORMATION_FORMAT = "dwarf-with-dsym";
				ENABLE_NS_ASSERTIONS = NO;
				ENABLE_STRICT_OBJC_MSGSEND = YES;
				GCC_C_LANGUAGE_STANDARD = gnu11;
				GCC_NO_COMMON_BLOCKS = YES;
				GCC_WARN_64_TO_32_BIT_CONVERSION = YES;
				GCC_WARN_ABOUT_RETURN_TYPE = YES_ERROR;
				GCC_WARN_UNDECLARED_SELECTOR = YES;
				GCC_WARN_UNINITIALIZED_AUTOS = YES_AGGRESSIVE;
				GCC_WARN_UNUSED_FUNCTION = YES;
				GCC_WARN_UNUSED_VARIABLE = YES;
				IPHONEOS_DEPLOYMENT_TARGET = 13.2;
				MTL_ENABLE_DEBUG_INFO = NO;
				MTL_FAST_MATH = YES;
				SDKROOT = iphoneos;
				SWIFT_COMPILATION_MODE = wholemodule;
				SWIFT_OPTIMIZATION_LEVEL = "-O";
				VALIDATE_PRODUCT = YES;
			};
			name = Release;
		};
		DFBD215823F92A2E0000D78A /* Debug */ = {
			isa = XCBuildConfiguration;
			buildSettings = {
				ASSETCATALOG_COMPILER_APPICON_NAME = AppIcon;
				CODE_SIGN_STYLE = Automatic;
				INFOPLIST_FILE = Bolierplate/Info.plist;
				LD_RUNPATH_SEARCH_PATHS = (
					"$(inherited)",
					"@executable_path/Frameworks",
				);
				PRODUCT_BUNDLE_IDENTIFIER = com.jerrykim.Bolierplate;
				PRODUCT_NAME = "$(TARGET_NAME)";
				SWIFT_VERSION = 5.0;
				TARGETED_DEVICE_FAMILY = "1,2";
			};
			name = Debug;
		};
		DFBD215923F92A2E0000D78A /* Release */ = {
			isa = XCBuildConfiguration;
			buildSettings = {
				ASSETCATALOG_COMPILER_APPICON_NAME = AppIcon;
				CODE_SIGN_STYLE = Automatic;
				INFOPLIST_FILE = Bolierplate/Info.plist;
				LD_RUNPATH_SEARCH_PATHS = (
					"$(inherited)",
					"@executable_path/Frameworks",
				);
				PRODUCT_BUNDLE_IDENTIFIER = com.jerrykim.Bolierplate;
				PRODUCT_NAME = "$(TARGET_NAME)";
				SWIFT_VERSION = 5.0;
				TARGETED_DEVICE_FAMILY = "1,2";
			};
			name = Release;
		};
		DFBD215B23F92A2E0000D78A /* Debug */ = {
			isa = XCBuildConfiguration;
			buildSettings = {
				ALWAYS_EMBED_SWIFT_STANDARD_LIBRARIES = YES;
				CODE_SIGN_STYLE = Automatic;
				INFOPLIST_FILE = BolierplateUITests/Info.plist;
				LD_RUNPATH_SEARCH_PATHS = (
					"$(inherited)",
					"@executable_path/Frameworks",
					"@loader_path/Frameworks",
				);
				PRODUCT_BUNDLE_IDENTIFIER = com.jerrykim.BolierplateUITests;
				PRODUCT_NAME = "$(TARGET_NAME)";
				SWIFT_VERSION = 5.0;
				TARGETED_DEVICE_FAMILY = "1,2";
				TEST_TARGET_NAME = Bolierplate;
			};
			name = Debug;
		};
		DFBD215C23F92A2E0000D78A /* Release */ = {
			isa = XCBuildConfiguration;
			buildSettings = {
				ALWAYS_EMBED_SWIFT_STANDARD_LIBRARIES = YES;
				CODE_SIGN_STYLE = Automatic;
				INFOPLIST_FILE = BolierplateUITests/Info.plist;
				LD_RUNPATH_SEARCH_PATHS = (
					"$(inherited)",
					"@executable_path/Frameworks",
					"@loader_path/Frameworks",
				);
				PRODUCT_BUNDLE_IDENTIFIER = com.jerrykim.BolierplateUITests;
				PRODUCT_NAME = "$(TARGET_NAME)";
				SWIFT_VERSION = 5.0;
				TARGETED_DEVICE_FAMILY = "1,2";
				TEST_TARGET_NAME = Bolierplate;
			};
			name = Release;
		};
/* End XCBuildConfiguration section */

/* Begin XCConfigurationList section */
		DFBD213323F92A2B0000D78A /* Build configuration list for PBXProject "Bolierplate" */ = {
			isa = XCConfigurationList;
			buildConfigurations = (
				DFBD215523F92A2E0000D78A /* Debug */,
				DFBD215623F92A2E0000D78A /* Release */,
			);
			defaultConfigurationIsVisible = 0;
			defaultConfigurationName = Release;
		};
		DFBD215723F92A2E0000D78A /* Build configuration list for PBXNativeTarget "Bolierplate" */ = {
			isa = XCConfigurationList;
			buildConfigurations = (
				DFBD215823F92A2E0000D78A /* Debug */,
				DFBD215923F92A2E0000D78A /* Release */,
			);
			defaultConfigurationIsVisible = 0;
			defaultConfigurationName = Release;
		};
		DFBD215A23F92A2E0000D78A /* Build configuration list for PBXNativeTarget "BolierplateUITests" */ = {
			isa = XCConfigurationList;
			buildConfigurations = (
				DFBD215B23F92A2E0000D78A /* Debug */,
				DFBD215C23F92A2E0000D78A /* Release */,
			);
			defaultConfigurationIsVisible = 0;
			defaultConfigurationName = Release;
		};
/* End XCConfigurationList section */
	};
	rootObject = DFBD213023F92A2B0000D78A /* Project object */;
}
